
Microsoft Visual Studio Solution File, Format Version 12.00
# Visual Studio Version 17
VisualStudioVersion = 17.11.35222.181
MinimumVisualStudioVersion = 10.0.40219.1
Project("{FAE04EC0-301F-11D3-BF4B-00C04F79EFBC}") = "1 заддание", "1 заддание\1 заддание.csproj", "{B2C2F029-6388-4227-A360-E815BB0CEAA8}"
EndProject
Global
	GlobalSection(SolutionConfigurationPlatforms) = preSolution
		Debug|Any CPU = Debug|Any CPU
		Release|Any CPU = Release|Any CPU
	EndGlobalSection
	GlobalSection(ProjectConfigurationPlatforms) = postSolution
		{B2C2F029-6388-4227-A360-E815BB0CEAA8}.Debug|Any CPU.ActiveCfg = Debug|Any CPU
		{B2C2F029-6388-4227-A360-E815BB0CEAA8}.Debug|Any CPU.Build.0 = Debug|Any CPU
		{B2C2F029-6388-4227-A360-E815BB0CEAA8}.Release|Any CPU.ActiveCfg = Release|Any CPU
		{B2C2F029-6388-4227-A360-E815BB0CEAA8}.Release|Any CPU.Build.0 = Release|Any CPU
	EndGlobalSection
	GlobalSection(SolutionProperties) = preSolution
		HideSolutionNode = FALSE
	EndGlobalSection
	GlobalSection(ExtensibilityGlobals) = postSolution
		SolutionGuid = {02F46027-C8FA-411B-A40D-42E6B835E383}
	EndGlobalSection
EndGlobal
